
Microsoft Visual Studio Solution File, Format Version 12.00
# Visual Studio Version 17
VisualStudioVersion = 17.4.33205.214
MinimumVisualStudioVersion = 10.0.40219.1
Project("{FAE04EC0-301F-11D3-BF4B-00C04F79EFBC}") = "MobileAppRogovski.Android", "MobileAppRogovski.Android\MobileAppRogovski.Android.csproj", "{2CC49492-1C63-4515-B2EC-0CE1957D5E45}"
EndProject
Project("{FAE04EC0-301F-11D3-BF4B-00C04F79EFBC}") = "MobileAppRogovski.iOS", "MobileAppRogovski.iOS\MobileAppRogovski.iOS.csproj", "{4A9C2E8B-7326-4510-B3FB-14E3E0EDF3C7}"
EndProject
Project("{FAE04EC0-301F-11D3-BF4B-00C04F79EFBC}") = "MobileAppRogovski", "MobileAppRogovski\MobileAppRogovski.csproj", "{09C91832-5097-4A3E-900E-F51D5D1B75E2}"
EndProject
Global
	GlobalSection(SolutionConfigurationPlatforms) = preSolution
		Debug|Any CPU = Debug|Any CPU
		Debug|iPhone = Debug|iPhone
		Debug|iPhoneSimulator = Debug|iPhoneSimulator
		Release|Any CPU = Release|Any CPU
		Release|iPhone = Release|iPhone
		Release|iPhoneSimulator = Release|iPhoneSimulator
	EndGlobalSection
	GlobalSection(ProjectConfigurationPlatforms) = postSolution
		{2CC49492-1C63-4515-B2EC-0CE1957D5E45}.Debug|Any CPU.ActiveCfg = Debug|Any CPU
		{2CC49492-1C63-4515-B2EC-0CE1957D5E45}.Debug|Any CPU.Build.0 = Debug|Any CPU
		{2CC49492-1C63-4515-B2EC-0CE1957D5E45}.Debug|Any CPU.Deploy.0 = Debug|Any CPU
		{2CC49492-1C63-4515-B2EC-0CE1957D5E45}.Debug|iPhone.ActiveCfg = Debug|Any CPU
		{2CC49492-1C63-4515-B2EC-0CE1957D5E45}.Debug|iPhone.Build.0 = Debug|Any CPU
		{2CC49492-1C63-4515-B2EC-0CE1957D5E45}.Debug|iPhone.Deploy.0 = Debug|Any CPU
		{2CC49492-1C63-4515-B2EC-0CE1957D5E45}.Debug|iPhoneSimulator.ActiveCfg = Debug|Any CPU
		{2CC49492-1C63-4515-B2EC-0CE1957D5E45}.Debug|iPhoneSimulator.Build.0 = Debug|Any CPU
		{2CC49492-1C63-4515-B2EC-0CE1957D5E45}.Debug|iPhoneSimulator.Deploy.0 = Debug|Any CPU
		{2CC49492-1C63-4515-B2EC-0CE1957D5E45}.Release|Any CPU.ActiveCfg = Release|Any CPU
		{2CC49492-1C63-4515-B2EC-0CE1957D5E45}.Release|Any CPU.Build.0 = Release|Any CPU
		{2CC49492-1C63-4515-B2EC-0CE1957D5E45}.Release|Any CPU.Deploy.0 = Release|Any CPU
		{2CC49492-1C63-4515-B2EC-0CE1957D5E45}.Release|iPhone.ActiveCfg = Release|Any CPU
		{2CC49492-1C63-4515-B2EC-0CE1957D5E45}.Release|iPhone.Build.0 = Release|Any CPU
		{2CC49492-1C63-4515-B2EC-0CE1957D5E45}.Release|iPhone.Deploy.0 = Release|Any CPU
		{2CC49492-1C63-4515-B2EC-0CE1957D5E45}.Release|iPhoneSimulator.ActiveCfg = Release|Any CPU
		{2CC49492-1C63-4515-B2EC-0CE1957D5E45}.Release|iPhoneSimulator.Build.0 = Release|Any CPU
		{2CC49492-1C63-4515-B2EC-0CE1957D5E45}.Release|iPhoneSimulator.Deploy.0 = Release|Any CPU
		{4A9C2E8B-7326-4510-B3FB-14E3E0EDF3C7}.Debug|Any CPU.ActiveCfg = Debug|iPhone
		{4A9C2E8B-7326-4510-B3FB-14E3E0EDF3C7}.Debug|Any CPU.Build.0 = Debug|iPhone
		{4A9C2E8B-7326-4510-B3FB-14E3E0EDF3C7}.Debug|Any CPU.Deploy.0 = Debug|iPhone
		{4A9C2E8B-7326-4510-B3FB-14E3E0EDF3C7}.Debug|iPhone.ActiveCfg = Debug|iPhone
		{4A9C2E8B-7326-4510-B3FB-14E3E0EDF3C7}.Debug|iPhone.Build.0 = Debug|iPhone
		{4A9C2E8B-7326-4510-B3FB-14E3E0EDF3C7}.Debug|iPhone.Deploy.0 = Debug|iPhone
		{4A9C2E8B-7326-4510-B3FB-14E3E0EDF3C7}.Debug|iPhoneSimulator.ActiveCfg = Debug|iPhoneSimulator
		{4A9C2E8B-7326-4510-B3FB-14E3E0EDF3C7}.Debug|iPhoneSimulator.Build.0 = Debug|iPhoneSimulator
		{4A9C2E8B-7326-4510-B3FB-14E3E0EDF3C7}.Debug|iPhoneSimulator.Deploy.0 = Debug|iPhoneSimulator
		{4A9C2E8B-7326-4510-B3FB-14E3E0EDF3C7}.Release|Any CPU.ActiveCfg = Release|iPhoneSimulator
		{4A9C2E8B-7326-4510-B3FB-14E3E0EDF3C7}.Release|Any CPU.Build.0 = Release|iPhoneSimulator
		{4A9C2E8B-7326-4510-B3FB-14E3E0EDF3C7}.Release|Any CPU.Deploy.0 = Release|iPhoneSimulator
		{4A9C2E8B-7326-4510-B3FB-14E3E0EDF3C7}.Release|iPhone.ActiveCfg = Release|iPhone
		{4A9C2E8B-7326-4510-B3FB-14E3E0EDF3C7}.Release|iPhone.Build.0 = Release|iPhone
		{4A9C2E8B-7326-4510-B3FB-14E3E0EDF3C7}.Release|iPhone.Deploy.0 = Release|iPhone
		{4A9C2E8B-7326-4510-B3FB-14E3E0EDF3C7}.Release|iPhoneSimulator.ActiveCfg = Release|iPhoneSimulator
		{4A9C2E8B-7326-4510-B3FB-14E3E0EDF3C7}.Release|iPhoneSimulator.Build.0 = Release|iPhoneSimulator
		{4A9C2E8B-7326-4510-B3FB-14E3E0EDF3C7}.Release|iPhoneSimulator.Deploy.0 = Release|iPhoneSimulator
		{09C91832-5097-4A3E-900E-F51D5D1B75E2}.Debug|Any CPU.ActiveCfg = Debug|Any CPU
		{09C91832-5097-4A3E-900E-F51D5D1B75E2}.Debug|Any CPU.Build.0 = Debug|Any CPU
		{09C91832-5097-4A3E-900E-F51D5D1B75E2}.Debug|Any CPU.Deploy.0 = Debug|Any CPU
		{09C91832-5097-4A3E-900E-F51D5D1B75E2}.Debug|iPhone.ActiveCfg = Debug|Any CPU
		{09C91832-5097-4A3E-900E-F51D5D1B75E2}.Debug|iPhone.Build.0 = Debug|Any CPU
		{09C91832-5097-4A3E-900E-F51D5D1B75E2}.Debug|iPhone.Deploy.0 = Debug|Any CPU
		{09C91832-5097-4A3E-900E-F51D5D1B75E2}.Debug|iPhoneSimulator.ActiveCfg = Debug|Any CPU
		{09C91832-5097-4A3E-900E-F51D5D1B75E2}.Debug|iPhoneSimulator.Build.0 = Debug|Any CPU
		{09C91832-5097-4A3E-900E-F51D5D1B75E2}.Debug|iPhoneSimulator.Deploy.0 = Debug|Any CPU
		{09C91832-5097-4A3E-900E-F51D5D1B75E2}.Release|Any CPU.ActiveCfg = Release|Any CPU
		{09C91832-5097-4A3E-900E-F51D5D1B75E2}.Release|Any CPU.Build.0 = Release|Any CPU
		{09C91832-5097-4A3E-900E-F51D5D1B75E2}.Release|Any CPU.Deploy.0 = Release|Any CPU
		{09C91832-5097-4A3E-900E-F51D5D1B75E2}.Release|iPhone.ActiveCfg = Release|Any CPU
		{09C91832-5097-4A3E-900E-F51D5D1B75E2}.Release|iPhone.Build.0 = Release|Any CPU
		{09C91832-5097-4A3E-900E-F51D5D1B75E2}.Release|iPhone.Deploy.0 = Release|Any CPU
		{09C91832-5097-4A3E-900E-F51D5D1B75E2}.Release|iPhoneSimulator.ActiveCfg = Release|Any CPU
		{09C91832-5097-4A3E-900E-F51D5D1B75E2}.Release|iPhoneSimulator.Build.0 = Release|Any CPU
		{09C91832-5097-4A3E-900E-F51D5D1B75E2}.Release|iPhoneSimulator.Deploy.0 = Release|Any CPU
	EndGlobalSection
	GlobalSection(SolutionProperties) = preSolution
		HideSolutionNode = FALSE
	EndGlobalSection
	GlobalSection(ExtensibilityGlobals) = postSolution
		SolutionGuid = {E49755DC-E302-4B7E-8F8D-FF662BCE760B}
	EndGlobalSection
EndGlobal
